<?xml version="1.0" encoding="utf-8"?>
<Project ToolsVersion="4.0" xmlns="http://schemas.microsoft.com/developer/msbuild/2003">
  <ItemGroup>
    <Filter Include="source">
      <UniqueIdentifier>{4FC737F1-C7A5-4376-A066-2A32D752A2FF}</UniqueIdentifier>
      <Extensions>cpp;c;cc;cxx;c++;cppm;ixx;def;odl;idl;hpj;bat;asm;asmx</Extensions>
    </Filter>
    <Filter Include="driver">
      <UniqueIdentifier>{024a8c12-9ffa-4501-80ff-4cdf46489055}</UniqueIdentifier>
    </Filter>
    <Filter Include="ImGui">
      <UniqueIdentifier>{14b18770-133e-473b-83ea-729abadd80a0}</UniqueIdentifier>
    </Filter>
    <Filter Include="sdk">
      <UniqueIdentifier>{722a8b4c-976c-4078-a0df-e37b97740964}</UniqueIdentifier>
    </Filter>
    <Filter Include="D3DX9">
      <UniqueIdentifier>{df31fa2f-faee-4b8d-af42-0c0e031dae58}</UniqueIdentifier>
    </Filter>
  </ItemGroup>
  <ItemGroup>
    <ClCompile Include="main.cpp">
      <Filter>source</Filter>
    </ClCompile>
    <ClCompile Include="ImGui\imgui.cpp">
      <Filter>ImGui</Filter>
    </ClCompile>
    <ClCompile Include="ImGui\imgui_draw.cpp">
      <Filter>ImGui</Filter>
    </ClCompile>
    <ClCompile Include="ImGui\imgui_impl_win32.cpp">
      <Filter>ImGui</Filter>
    </ClCompile>
    <ClCompile Include="ImGui\imgui_widgets.cpp">
      <Filter>ImGui</Filter>
    </ClCompile>
    <ClCompile Include="ImGui\imgui_demo.cpp">
      <Filter>ImGui</Filter>
    </ClCompile>
    <ClCompile Include="ImGui\imgui_impl_dx9.cpp">
      <Filter>ImGui</Filter>
    </ClCompile>
  </ItemGroup>
  <ItemGroup>
    <ClInclude Include="driver.h">
      <Filter>driver</Filter>
    </ClInclude>
    <ClInclude Include="ImGui\imconfig.h">
      <Filter>ImGui</Filter>
    </ClInclude>
    <ClInclude Include="ImGui\imgui.h">
      <Filter>ImGui</Filter>
    </ClInclude>
    <ClInclude Include="ImGui\imgui_impl_win32.h">
      <Filter>ImGui</Filter>
    </ClInclude>
    <ClInclude Include="ImGui\imgui_internal.h">
      <Filter>ImGui</Filter>
    </ClInclude>
    <ClInclude Include="ImGui\imstb_rectpack.h">
      <Filter>ImGui</Filter>
    </ClInclude>
    <ClInclude Include="ImGui\imstb_textedit.h">
      <Filter>ImGui</Filter>
    </ClInclude>
    <ClInclude Include="ImGui\imstb_truetype.h">
      <Filter>ImGui</Filter>
    </ClInclude>
    <ClInclude Include="ImGui\imgui_impl_dx9.h">
      <Filter>ImGui</Filter>
    </ClInclude>
    <ClInclude Include="Classes.h">
      <Filter>sdk</Filter>
    </ClInclude>
    <ClInclude Include="sdk.h">
      <Filter>sdk</Filter>
    </ClInclude>
    <ClInclude Include="D3DX\d3dx9.h">
      <Filter>D3DX9</Filter>
    </ClInclude>
    <ClInclude Include="D3DX\d3dx9anim.h">
      <Filter>D3DX9</Filter>
    </ClInclude>
    <ClInclude Include="D3DX\d3dx9core.h">
      <Filter>D3DX9</Filter>
    </ClInclude>
    <ClInclude Include="D3DX\d3dx9effect.h">
      <Filter>D3DX9</Filter>
    </ClInclude>
    <ClInclude Include="D3DX\d3dx9math.h">
      <Filter>D3DX9</Filter>
    </ClInclude>
    <ClInclude Include="D3DX\d3dx9mesh.h">
      <Filter>D3DX9</Filter>
    </ClInclude>
    <ClInclude Include="D3DX\d3dx9shader.h">
      <Filter>D3DX9</Filter>
    </ClInclude>
    <ClInclude Include="D3DX\d3dx9shape.h">
      <Filter>D3DX9</Filter>
    </ClInclude>
    <ClInclude Include="D3DX\d3dx9tex.h">
      <Filter>D3DX9</Filter>
    </ClInclude>
    <ClInclude Include="D3DX\d3dx9xof.h">
      <Filter>D3DX9</Filter>
    </ClInclude>
    <ClInclude Include="ida.hpp" />
  </ItemGroup>
  <ItemGroup>
    <None Include="D3DX\d3dx9math.inl">
      <Filter>D3DX9</Filter>
    </None>
  </ItemGroup>
</Project>